
Microsoft Visual Studio Solution File, Format Version 12.00
# Visual Studio Version 17
VisualStudioVersion = 17.10.35013.160
MinimumVisualStudioVersion = 10.0.40219.1
Project("{FAE04EC0-301F-11D3-BF4B-00C04F79EFBC}") = "WebApi", "WebApi\WebApi.csproj", "{61BFCAF6-588F-4E7E-B25E-26FCDD1610AF}"
EndProject
Global
	GlobalSection(SolutionConfigurationPlatforms) = preSolution
		Debug|Any CPU = Debug|Any CPU
		Release|Any CPU = Release|Any CPU
	EndGlobalSection
	GlobalSection(ProjectConfigurationPlatforms) = postSolution
		{61BFCAF6-588F-4E7E-B25E-26FCDD1610AF}.Debug|Any CPU.ActiveCfg = Debug|Any CPU
		{61BFCAF6-588F-4E7E-B25E-26FCDD1610AF}.Debug|Any CPU.Build.0 = Debug|Any CPU
		{61BFCAF6-588F-4E7E-B25E-26FCDD1610AF}.Release|Any CPU.ActiveCfg = Release|Any CPU
		{61BFCAF6-588F-4E7E-B25E-26FCDD1610AF}.Release|Any CPU.Build.0 = Release|Any CPU
	EndGlobalSection
	GlobalSection(SolutionProperties) = preSolution
		HideSolutionNode = FALSE
	EndGlobalSection
	GlobalSection(ExtensibilityGlobals) = postSolution
		SolutionGuid = {9D9E5310-CFB0-439F-BECA-A011A43ED949}
	EndGlobalSection
EndGlobal
